// !$*UTF8*$!
{
	archiveVersion = 1;
	classes = {
	};
	objectVersion = 46;
	objects = {

/* Begin PBXGroup section */
		79BEA5A11ACECF3E00A9EE06 = {
			isa = PBXGroup;
			children = (
			);
			sourceTree = "<group>";
		};
/* End PBXGroup section */

/* Begin PBXProject section */
		79BEA5A21ACECF3E00A9EE06 /* Project object */ = {
			isa = PBXProject;
			attributes = {
				LastUpgradeCheck = 0610;
			};
			buildConfigurationList = 79BEA5A51ACECF3E00A9EE06 /* Build configuration list for PBXProject "BKDBackdown" */;
			compatibilityVersion = "Xcode 3.2";
			developmentRegion = English;
			hasScannedForEncodings = 0;
			knownRegions = (
				en,
			);
			mainGroup = 79BEA5A11ACECF3E00A9EE06;
			projectDirPath = "";
			projectRoot = "";
			targets = (
			);
		};
/* End PBXProject section */

/* Begin XCBuildConfiguration section */
		79BEA5A61ACECF3E00A9EE06 /* Debug */ = {
			isa = XCBuildConfiguration;
			buildSettings = {
			};
			name = Debug;
		};
		79BEA5A71ACECF3E00A9EE06 /* Release */ = {
			isa = XCBuildConfiguration;
			buildSettings = {
			};
			name = Release;
		};
/* End XCBuildConfiguration section */

/* Begin XCConfigurationList section */
		79BEA5A51ACECF3E00A9EE06 /* Build configuration list for PBXProject "BKDBackdown" */ = {
			isa = XCConfigurationList;
			buildConfigurations = (
				79BEA5A61ACECF3E00A9EE06 /* Debug */,
				79BEA5A71ACECF3E00A9EE06 /* Release */,
			);
			defaultConfigurationIsVisible = 0;
			defaultConfigurationName = Release;
		};
/* End XCConfigurationList section */
	};
	rootObject = 79BEA5A21ACECF3E00A9EE06 /* Project object */;
}
